
Microsoft Visual Studio Solution File, Format Version 12.00
# Visual Studio Version 17
VisualStudioVersion = 17.5.002.0
MinimumVisualStudioVersion = 10.0.40219.1
Project("{9A19103F-16F7-4668-BE54-9A1E7A4F7556}") = "dotnetApi", "dotnetApi.csproj", "{98D73414-F1B1-44A3-99EA-0726DC832733}"
EndProject
Global
	GlobalSection(SolutionConfigurationPlatforms) = preSolution
		Debug|Any CPU = Debug|Any CPU
		Release|Any CPU = Release|Any CPU
	EndGlobalSection
	GlobalSection(ProjectConfigurationPlatforms) = postSolution
		{98D73414-F1B1-44A3-99EA-0726DC832733}.Debug|Any CPU.ActiveCfg = Debug|Any CPU
		{98D73414-F1B1-44A3-99EA-0726DC832733}.Debug|Any CPU.Build.0 = Debug|Any CPU
		{98D73414-F1B1-44A3-99EA-0726DC832733}.Release|Any CPU.ActiveCfg = Release|Any CPU
		{98D73414-F1B1-44A3-99EA-0726DC832733}.Release|Any CPU.Build.0 = Release|Any CPU
	EndGlobalSection
	GlobalSection(SolutionProperties) = preSolution
		HideSolutionNode = FALSE
	EndGlobalSection
	GlobalSection(ExtensibilityGlobals) = postSolution
		SolutionGuid = {4AF7F30A-388C-4DD6-9AB1-C33213FFAA64}
	EndGlobalSection
EndGlobal
